
Microsoft Visual Studio Solution File, Format Version 12.00
# Visual Studio Version 17
VisualStudioVersion = 17.12.35527.113 d17.12
MinimumVisualStudioVersion = 10.0.40219.1
Project("{FAE04EC0-301F-11D3-BF4B-00C04F79EFBC}") = "MercadoConsole-POO", "MercadoConsole-POO\MercadoConsole-POO.csproj", "{A233F4D9-B8E2-4B81-B5D5-D5F0E6647282}"
EndProject
Global
	GlobalSection(SolutionConfigurationPlatforms) = preSolution
		Debug|Any CPU = Debug|Any CPU
		Release|Any CPU = Release|Any CPU
	EndGlobalSection
	GlobalSection(ProjectConfigurationPlatforms) = postSolution
		{A233F4D9-B8E2-4B81-B5D5-D5F0E6647282}.Debug|Any CPU.ActiveCfg = Debug|Any CPU
		{A233F4D9-B8E2-4B81-B5D5-D5F0E6647282}.Debug|Any CPU.Build.0 = Debug|Any CPU
		{A233F4D9-B8E2-4B81-B5D5-D5F0E6647282}.Release|Any CPU.ActiveCfg = Release|Any CPU
		{A233F4D9-B8E2-4B81-B5D5-D5F0E6647282}.Release|Any CPU.Build.0 = Release|Any CPU
	EndGlobalSection
	GlobalSection(SolutionProperties) = preSolution
		HideSolutionNode = FALSE
	EndGlobalSection
EndGlobal
